
Microsoft Visual Studio Solution File, Format Version 12.00
# Visual Studio Version 17
VisualStudioVersion = 17.3.32901.215
MinimumVisualStudioVersion = 10.0.40219.1
Project("{FAE04EC0-301F-11D3-BF4B-00C04F79EFBC}") = "ZeikomiEnglish", "ZeikomiEnglish\ZeikomiEnglish.csproj", "{0F30413F-98AB-47CB-BF9A-529AB3F5153D}"
EndProject
Project("{9A19103F-16F7-4668-BE54-9A1E7A4F7556}") = "MVVMCore", "MVVMCore\MVVMCore.csproj", "{DAC2414E-0937-4461-BEAD-48B50FB5C439}"
EndProject
Global
	GlobalSection(SolutionConfigurationPlatforms) = preSolution
		Debug|Any CPU = Debug|Any CPU
		Release|Any CPU = Release|Any CPU
	EndGlobalSection
	GlobalSection(ProjectConfigurationPlatforms) = postSolution
		{0F30413F-98AB-47CB-BF9A-529AB3F5153D}.Debug|Any CPU.ActiveCfg = Debug|Any CPU
		{0F30413F-98AB-47CB-BF9A-529AB3F5153D}.Debug|Any CPU.Build.0 = Debug|Any CPU
		{0F30413F-98AB-47CB-BF9A-529AB3F5153D}.Release|Any CPU.ActiveCfg = Release|Any CPU
		{0F30413F-98AB-47CB-BF9A-529AB3F5153D}.Release|Any CPU.Build.0 = Release|Any CPU
		{DAC2414E-0937-4461-BEAD-48B50FB5C439}.Debug|Any CPU.ActiveCfg = Debug|Any CPU
		{DAC2414E-0937-4461-BEAD-48B50FB5C439}.Debug|Any CPU.Build.0 = Debug|Any CPU
		{DAC2414E-0937-4461-BEAD-48B50FB5C439}.Release|Any CPU.ActiveCfg = Release|Any CPU
		{DAC2414E-0937-4461-BEAD-48B50FB5C439}.Release|Any CPU.Build.0 = Release|Any CPU
	EndGlobalSection
	GlobalSection(SolutionProperties) = preSolution
		HideSolutionNode = FALSE
	EndGlobalSection
	GlobalSection(ExtensibilityGlobals) = postSolution
		SolutionGuid = {363DBEE8-708C-439E-86F6-952E77C618DC}
	EndGlobalSection
EndGlobal
